
Microsoft Visual Studio Solution File, Format Version 12.00
Project("{2150E333-8FDC-42A3-9474-1A3956D46DE8}") = "web", "web", "{47CFA45C-6A59-44D1-8C61-5188CAE18161}"
EndProject
Project("{2150E333-8FDC-42A3-9474-1A3956D46DE8}") = "consoles", "consoles", "{4EA08D93-873B-4927-89F2-243C4FE1FBCE}"
EndProject
Project("{FAE04EC0-301F-11D3-BF4B-00C04F79EFBC}") = "Authentication_jwt_cookie", "Authentication_jwt_cookie\Authentication_jwt_cookie.csproj", "{8DF5732D-A338-4475-87B8-7D53165676A4}"
EndProject
Project("{FAE04EC0-301F-11D3-BF4B-00C04F79EFBC}") = "DynamicOption_Extend", "DynamicOption_Extend\DynamicOption_Extend.csproj", "{589BF4DA-D8EA-482B-96FE-2FFAA34B0B1B}"
EndProject
Project("{FAE04EC0-301F-11D3-BF4B-00C04F79EFBC}") = "Authorization_Extend", "Authorization_Extend\Authorization_Extend.csproj", "{1B64A37E-15CF-454E-82E3-9D50D3580D1D}"
EndProject
Project("{FAE04EC0-301F-11D3-BF4B-00C04F79EFBC}") = "Refit_Demo", "Refit_Demo\Refit_Demo.csproj", "{E67FC34C-70EA-4863-BCCF-0542ADE17D3C}"
EndProject
Global
	GlobalSection(SolutionConfigurationPlatforms) = preSolution
		Debug|Any CPU = Debug|Any CPU
		Debug|x64 = Debug|x64
		Debug|x86 = Debug|x86
		Release|Any CPU = Release|Any CPU
		Release|x64 = Release|x64
		Release|x86 = Release|x86
	EndGlobalSection
	GlobalSection(ProjectConfigurationPlatforms) = postSolution
		{8DF5732D-A338-4475-87B8-7D53165676A4}.Debug|Any CPU.ActiveCfg = Debug|Any CPU
		{8DF5732D-A338-4475-87B8-7D53165676A4}.Debug|Any CPU.Build.0 = Debug|Any CPU
		{8DF5732D-A338-4475-87B8-7D53165676A4}.Debug|x64.ActiveCfg = Debug|Any CPU
		{8DF5732D-A338-4475-87B8-7D53165676A4}.Debug|x64.Build.0 = Debug|Any CPU
		{8DF5732D-A338-4475-87B8-7D53165676A4}.Debug|x86.ActiveCfg = Debug|Any CPU
		{8DF5732D-A338-4475-87B8-7D53165676A4}.Debug|x86.Build.0 = Debug|Any CPU
		{8DF5732D-A338-4475-87B8-7D53165676A4}.Release|Any CPU.ActiveCfg = Release|Any CPU
		{8DF5732D-A338-4475-87B8-7D53165676A4}.Release|Any CPU.Build.0 = Release|Any CPU
		{8DF5732D-A338-4475-87B8-7D53165676A4}.Release|x64.ActiveCfg = Release|Any CPU
		{8DF5732D-A338-4475-87B8-7D53165676A4}.Release|x64.Build.0 = Release|Any CPU
		{8DF5732D-A338-4475-87B8-7D53165676A4}.Release|x86.ActiveCfg = Release|Any CPU
		{8DF5732D-A338-4475-87B8-7D53165676A4}.Release|x86.Build.0 = Release|Any CPU
		{589BF4DA-D8EA-482B-96FE-2FFAA34B0B1B}.Debug|Any CPU.ActiveCfg = Debug|Any CPU
		{589BF4DA-D8EA-482B-96FE-2FFAA34B0B1B}.Debug|Any CPU.Build.0 = Debug|Any CPU
		{589BF4DA-D8EA-482B-96FE-2FFAA34B0B1B}.Debug|x64.ActiveCfg = Debug|Any CPU
		{589BF4DA-D8EA-482B-96FE-2FFAA34B0B1B}.Debug|x64.Build.0 = Debug|Any CPU
		{589BF4DA-D8EA-482B-96FE-2FFAA34B0B1B}.Debug|x86.ActiveCfg = Debug|Any CPU
		{589BF4DA-D8EA-482B-96FE-2FFAA34B0B1B}.Debug|x86.Build.0 = Debug|Any CPU
		{589BF4DA-D8EA-482B-96FE-2FFAA34B0B1B}.Release|Any CPU.ActiveCfg = Release|Any CPU
		{589BF4DA-D8EA-482B-96FE-2FFAA34B0B1B}.Release|Any CPU.Build.0 = Release|Any CPU
		{589BF4DA-D8EA-482B-96FE-2FFAA34B0B1B}.Release|x64.ActiveCfg = Release|Any CPU
		{589BF4DA-D8EA-482B-96FE-2FFAA34B0B1B}.Release|x64.Build.0 = Release|Any CPU
		{589BF4DA-D8EA-482B-96FE-2FFAA34B0B1B}.Release|x86.ActiveCfg = Release|Any CPU
		{589BF4DA-D8EA-482B-96FE-2FFAA34B0B1B}.Release|x86.Build.0 = Release|Any CPU
		{1B64A37E-15CF-454E-82E3-9D50D3580D1D}.Debug|Any CPU.ActiveCfg = Debug|Any CPU
		{1B64A37E-15CF-454E-82E3-9D50D3580D1D}.Debug|Any CPU.Build.0 = Debug|Any CPU
		{1B64A37E-15CF-454E-82E3-9D50D3580D1D}.Debug|x64.ActiveCfg = Debug|Any CPU
		{1B64A37E-15CF-454E-82E3-9D50D3580D1D}.Debug|x64.Build.0 = Debug|Any CPU
		{1B64A37E-15CF-454E-82E3-9D50D3580D1D}.Debug|x86.ActiveCfg = Debug|Any CPU
		{1B64A37E-15CF-454E-82E3-9D50D3580D1D}.Debug|x86.Build.0 = Debug|Any CPU
		{1B64A37E-15CF-454E-82E3-9D50D3580D1D}.Release|Any CPU.ActiveCfg = Release|Any CPU
		{1B64A37E-15CF-454E-82E3-9D50D3580D1D}.Release|Any CPU.Build.0 = Release|Any CPU
		{1B64A37E-15CF-454E-82E3-9D50D3580D1D}.Release|x64.ActiveCfg = Release|Any CPU
		{1B64A37E-15CF-454E-82E3-9D50D3580D1D}.Release|x64.Build.0 = Release|Any CPU
		{1B64A37E-15CF-454E-82E3-9D50D3580D1D}.Release|x86.ActiveCfg = Release|Any CPU
		{1B64A37E-15CF-454E-82E3-9D50D3580D1D}.Release|x86.Build.0 = Release|Any CPU
		{E67FC34C-70EA-4863-BCCF-0542ADE17D3C}.Debug|Any CPU.ActiveCfg = Debug|Any CPU
		{E67FC34C-70EA-4863-BCCF-0542ADE17D3C}.Debug|Any CPU.Build.0 = Debug|Any CPU
		{E67FC34C-70EA-4863-BCCF-0542ADE17D3C}.Debug|x64.ActiveCfg = Debug|Any CPU
		{E67FC34C-70EA-4863-BCCF-0542ADE17D3C}.Debug|x64.Build.0 = Debug|Any CPU
		{E67FC34C-70EA-4863-BCCF-0542ADE17D3C}.Debug|x86.ActiveCfg = Debug|Any CPU
		{E67FC34C-70EA-4863-BCCF-0542ADE17D3C}.Debug|x86.Build.0 = Debug|Any CPU
		{E67FC34C-70EA-4863-BCCF-0542ADE17D3C}.Release|Any CPU.ActiveCfg = Release|Any CPU
		{E67FC34C-70EA-4863-BCCF-0542ADE17D3C}.Release|Any CPU.Build.0 = Release|Any CPU
		{E67FC34C-70EA-4863-BCCF-0542ADE17D3C}.Release|x64.ActiveCfg = Release|Any CPU
		{E67FC34C-70EA-4863-BCCF-0542ADE17D3C}.Release|x64.Build.0 = Release|Any CPU
		{E67FC34C-70EA-4863-BCCF-0542ADE17D3C}.Release|x86.ActiveCfg = Release|Any CPU
		{E67FC34C-70EA-4863-BCCF-0542ADE17D3C}.Release|x86.Build.0 = Release|Any CPU
	EndGlobalSection
	GlobalSection(SolutionProperties) = preSolution
		HideSolutionNode = FALSE
	EndGlobalSection
	GlobalSection(NestedProjects) = preSolution
		{8DF5732D-A338-4475-87B8-7D53165676A4} = {47CFA45C-6A59-44D1-8C61-5188CAE18161}
		{589BF4DA-D8EA-482B-96FE-2FFAA34B0B1B} = {4EA08D93-873B-4927-89F2-243C4FE1FBCE}
		{1B64A37E-15CF-454E-82E3-9D50D3580D1D} = {47CFA45C-6A59-44D1-8C61-5188CAE18161}
		{E67FC34C-70EA-4863-BCCF-0542ADE17D3C} = {47CFA45C-6A59-44D1-8C61-5188CAE18161}
	EndGlobalSection
EndGlobal
